// !$*UTF8*$!
{
	archiveVersion = 1;
	classes = {
	};
	objectVersion = 77;
	objects = {

/* Begin PBXBuildFile section */
		B00000000000000000000001 /* StudentHubApp.swift in Sources */ = {isa = PBXBuildFile; fileRef = F00000000000000000000001 /* StudentHubApp.swift */; };
		B00000000000000000000002 /* HubModels.swift in Sources */ = {isa = PBXBuildFile; fileRef = F00000000000000000000002 /* HubModels.swift */; };
		B00000000000000000000003 /* AppState.swift in Sources */ = {isa = PBXBuildFile; fileRef = F00000000000000000000003 /* AppState.swift */; };
		B00000000000000000000004 /* HubTheme.swift in Sources */ = {isa = PBXBuildFile; fileRef = F00000000000000000000004 /* HubTheme.swift */; };
		B00000000000000000000005 /* AppShellView.swift in Sources */ = {isa = PBXBuildFile; fileRef = F00000000000000000000005 /* AppShellView.swift */; };
		B00000000000000000000006 /* SidebarView.swift in Sources */ = {isa = PBXBuildFile; fileRef = F00000000000000000000006 /* SidebarView.swift */; };
		B00000000000000000000007 /* TimelineView.swift in Sources */ = {isa = PBXBuildFile; fileRef = F00000000000000000000007 /* TimelineView.swift */; };
		B00000000000000000000008 /* CommandHubView.swift in Sources */ = {isa = PBXBuildFile; fileRef = F00000000000000000000008 /* CommandHubView.swift */; };
		B00000000000000000000009 /* QuickCommandView.swift in Sources */ = {isa = PBXBuildFile; fileRef = F00000000000000000000009 /* QuickCommandView.swift */; };
		B0000000000000000000000A /* MacQuickPanel.swift in Sources */ = {isa = PBXBuildFile; fileRef = F0000000000000000000000A /* MacQuickPanel.swift */; };
		B0000000000000000000000C /* WorkspaceModels.swift in Sources */ = {isa = PBXBuildFile; fileRef = F0000000000000000000000C /* WorkspaceModels.swift */; };
		B0000000000000000000000D /* WorkspaceStorage.swift in Sources */ = {isa = PBXBuildFile; fileRef = F0000000000000000000000D /* WorkspaceStorage.swift */; };
		B0000000000000000000000E /* FileDocumentSupport.swift in Sources */ = {isa = PBXBuildFile; fileRef = F0000000000000000000000E /* FileDocumentSupport.swift */; };
		B0000000000000000000000F /* WorkspaceContentView.swift in Sources */ = {isa = PBXBuildFile; fileRef = F0000000000000000000000F /* WorkspaceContentView.swift */; };
		B00000000000000000000010 /* TasksProjectsViews.swift in Sources */ = {isa = PBXBuildFile; fileRef = F00000000000000000000010 /* TasksProjectsViews.swift */; };
		B00000000000000000000011 /* NotesJournalViews.swift in Sources */ = {isa = PBXBuildFile; fileRef = F00000000000000000000011 /* NotesJournalViews.swift */; };
		B00000000000000000000012 /* FilesMeetingsViews.swift in Sources */ = {isa = PBXBuildFile; fileRef = F00000000000000000000012 /* FilesMeetingsViews.swift */; };
		B00000000000000000000013 /* UtilityViews.swift in Sources */ = {isa = PBXBuildFile; fileRef = F00000000000000000000013 /* UtilityViews.swift */; };
		B00000000000000000000014 /* CloudSyncService.swift in Sources */ = {isa = PBXBuildFile; fileRef = F00000000000000000000014 /* CloudSyncService.swift */; };
		B00000000000000000000015 /* CompactWorkspaceViews.swift in Sources */ = {isa = PBXBuildFile; fileRef = F00000000000000000000015 /* CompactWorkspaceViews.swift */; };
		B00000000000000000000016 /* StudentHubTests.swift in Sources */ = {isa = PBXBuildFile; fileRef = F00000000000000000000016 /* StudentHubTests.swift */; };
		B00000000000000000000060 /* HubComponents.swift in Sources */ = {isa = PBXBuildFile; fileRef = F00000000000000000000060 /* HubComponents.swift */; };
		B00000000000000000000061 /* IPhoneShellView.swift in Sources */ = {isa = PBXBuildFile; fileRef = F00000000000000000000061 /* IPhoneShellView.swift */; };
		B00000000000000000000062 /* IPhoneTodayView.swift in Sources */ = {isa = PBXBuildFile; fileRef = F00000000000000000000062 /* IPhoneTodayView.swift */; };
		B00000000000000000000063 /* IPhoneTasksView.swift in Sources */ = {isa = PBXBuildFile; fileRef = F00000000000000000000063 /* IPhoneTasksView.swift */; };
		B00000000000000000000064 /* IPhoneCalendarView.swift in Sources */ = {isa = PBXBuildFile; fileRef = F00000000000000000000064 /* IPhoneCalendarView.swift */; };
		B00000000000000000000065 /* IPhoneNotesView.swift in Sources */ = {isa = PBXBuildFile; fileRef = F00000000000000000000065 /* IPhoneNotesView.swift */; };
		B00000000000000000000066 /* IPhoneMoreView.swift in Sources */ = {isa = PBXBuildFile; fileRef = F00000000000000000000066 /* IPhoneMoreView.swift */; };
		B00000000000000000000067 /* IPhoneTaskInspectorView.swift in Sources */ = {isa = PBXBuildFile; fileRef = F00000000000000000000067 /* IPhoneTaskInspectorView.swift */; };
		B00000000000000000000068 /* IPhoneNoteEditorView.swift in Sources */ = {isa = PBXBuildFile; fileRef = F00000000000000000000068 /* IPhoneNoteEditorView.swift */; };
		B00000000000000000000069 /* IPadShellView.swift in Sources */ = {isa = PBXBuildFile; fileRef = F00000000000000000000069 /* IPadShellView.swift */; };
		B0000000000000000000006A /* IPadSidebar.swift in Sources */ = {isa = PBXBuildFile; fileRef = F0000000000000000000006A /* IPadSidebar.swift */; };
		B0000000000000000000006B /* IPadTodayView.swift in Sources */ = {isa = PBXBuildFile; fileRef = F0000000000000000000006B /* IPadTodayView.swift */; };
		B0000000000000000000006C /* IPadTasksView.swift in Sources */ = {isa = PBXBuildFile; fileRef = F0000000000000000000006C /* IPadTasksView.swift */; };
		B0000000000000000000006D /* IPadNotesView.swift in Sources */ = {isa = PBXBuildFile; fileRef = F0000000000000000000006D /* IPadNotesView.swift */; };
		B0000000000000000000006E /* IPadMoreView.swift in Sources */ = {isa = PBXBuildFile; fileRef = F0000000000000000000006E /* IPadMoreView.swift */; };
/* End PBXBuildFile section */

/* Begin PBXContainerItemProxy section */
		A00000000000000000000050 /* PBXContainerItemProxy */ = {
			isa = PBXContainerItemProxy;
			containerPortal = A00000000000000000000021 /* Project object */;
			proxyType = 1;
			remoteGlobalIDString = A00000000000000000000020;
			remoteInfo = StudentHub;
		};
/* End PBXContainerItemProxy section */

/* Begin PBXFileReference section */
		F00000000000000000000001 /* StudentHubApp.swift */ = {isa = PBXFileReference; lastKnownFileType = sourcecode.swift; path = StudentHubApp.swift; sourceTree = "<group>"; };
		F00000000000000000000002 /* HubModels.swift */ = {isa = PBXFileReference; lastKnownFileType = sourcecode.swift; path = Models/HubModels.swift; sourceTree = "<group>"; };
		F00000000000000000000003 /* AppState.swift */ = {isa = PBXFileReference; lastKnownFileType = sourcecode.swift; path = State/AppState.swift; sourceTree = "<group>"; };
		F00000000000000000000004 /* HubTheme.swift */ = {isa = PBXFileReference; lastKnownFileType = sourcecode.swift; path = Theme/HubTheme.swift; sourceTree = "<group>"; };
		F00000000000000000000005 /* AppShellView.swift */ = {isa = PBXFileReference; lastKnownFileType = sourcecode.swift; path = Views/AppShellView.swift; sourceTree = "<group>"; };
		F00000000000000000000006 /* SidebarView.swift */ = {isa = PBXFileReference; lastKnownFileType = sourcecode.swift; path = Views/SidebarView.swift; sourceTree = "<group>"; };
		F00000000000000000000007 /* TimelineView.swift */ = {isa = PBXFileReference; lastKnownFileType = sourcecode.swift; path = Views/TimelineView.swift; sourceTree = "<group>"; };
		F00000000000000000000008 /* CommandHubView.swift */ = {isa = PBXFileReference; lastKnownFileType = sourcecode.swift; path = Views/CommandHubView.swift; sourceTree = "<group>"; };
		F00000000000000000000009 /* QuickCommandView.swift */ = {isa = PBXFileReference; lastKnownFileType = sourcecode.swift; path = Views/QuickCommandView.swift; sourceTree = "<group>"; };
		F0000000000000000000000A /* MacQuickPanel.swift */ = {isa = PBXFileReference; lastKnownFileType = sourcecode.swift; path = Platform/MacQuickPanel.swift; sourceTree = "<group>"; };
		F0000000000000000000000B /* StudentHub.app */ = {isa = PBXFileReference; explicitFileType = wrapper.application; includeInIndex = 0; path = StudentHub.app; sourceTree = BUILT_PRODUCTS_DIR; };
		F0000000000000000000000C /* WorkspaceModels.swift */ = {isa = PBXFileReference; lastKnownFileType = sourcecode.swift; path = Models/WorkspaceModels.swift; sourceTree = "<group>"; };
		F0000000000000000000000D /* WorkspaceStorage.swift */ = {isa = PBXFileReference; lastKnownFileType = sourcecode.swift; path = State/WorkspaceStorage.swift; sourceTree = "<group>"; };
		F0000000000000000000000E /* FileDocumentSupport.swift */ = {isa = PBXFileReference; lastKnownFileType = sourcecode.swift; path = Platform/FileDocumentSupport.swift; sourceTree = "<group>"; };
		F0000000000000000000000F /* WorkspaceContentView.swift */ = {isa = PBXFileReference; lastKnownFileType = sourcecode.swift; path = Views/WorkspaceContentView.swift; sourceTree = "<group>"; };
		F00000000000000000000010 /* TasksProjectsViews.swift */ = {isa = PBXFileReference; lastKnownFileType = sourcecode.swift; path = Views/TasksProjectsViews.swift; sourceTree = "<group>"; };
		F00000000000000000000011 /* NotesJournalViews.swift */ = {isa = PBXFileReference; lastKnownFileType = sourcecode.swift; path = Views/NotesJournalViews.swift; sourceTree = "<group>"; };
		F00000000000000000000012 /* FilesMeetingsViews.swift */ = {isa = PBXFileReference; lastKnownFileType = sourcecode.swift; path = Views/FilesMeetingsViews.swift; sourceTree = "<group>"; };
		F00000000000000000000013 /* UtilityViews.swift */ = {isa = PBXFileReference; lastKnownFileType = sourcecode.swift; path = Views/UtilityViews.swift; sourceTree = "<group>"; };
		F00000000000000000000014 /* CloudSyncService.swift */ = {isa = PBXFileReference; lastKnownFileType = sourcecode.swift; path = State/CloudSyncService.swift; sourceTree = "<group>"; };
		F00000000000000000000015 /* CompactWorkspaceViews.swift */ = {isa = PBXFileReference; lastKnownFileType = sourcecode.swift; path = Views/CompactWorkspaceViews.swift; sourceTree = "<group>"; };
		F00000000000000000000016 /* StudentHubTests.swift */ = {isa = PBXFileReference; lastKnownFileType = sourcecode.swift; path = StudentHubTests.swift; sourceTree = "<group>"; };
		F00000000000000000000017 /* StudentHubTests.xctest */ = {isa = PBXFileReference; explicitFileType = wrapper.cfbundle; includeInIndex = 0; path = StudentHubTests.xctest; sourceTree = BUILT_PRODUCTS_DIR; };
		F00000000000000000000060 /* HubComponents.swift */ = {isa = PBXFileReference; lastKnownFileType = sourcecode.swift; path = Theme/HubComponents.swift; sourceTree = "<group>"; };
		F00000000000000000000061 /* IPhoneShellView.swift */ = {isa = PBXFileReference; lastKnownFileType = sourcecode.swift; path = Views/IPhone/IPhoneShellView.swift; sourceTree = "<group>"; };
		F00000000000000000000062 /* IPhoneTodayView.swift */ = {isa = PBXFileReference; lastKnownFileType = sourcecode.swift; path = Views/IPhone/IPhoneTodayView.swift; sourceTree = "<group>"; };
		F00000000000000000000063 /* IPhoneTasksView.swift */ = {isa = PBXFileReference; lastKnownFileType = sourcecode.swift; path = Views/IPhone/IPhoneTasksView.swift; sourceTree = "<group>"; };
		F00000000000000000000064 /* IPhoneCalendarView.swift */ = {isa = PBXFileReference; lastKnownFileType = sourcecode.swift; path = Views/IPhone/IPhoneCalendarView.swift; sourceTree = "<group>"; };
		F00000000000000000000065 /* IPhoneNotesView.swift */ = {isa = PBXFileReference; lastKnownFileType = sourcecode.swift; path = Views/IPhone/IPhoneNotesView.swift; sourceTree = "<group>"; };
		F00000000000000000000066 /* IPhoneMoreView.swift */ = {isa = PBXFileReference; lastKnownFileType = sourcecode.swift; path = Views/IPhone/IPhoneMoreView.swift; sourceTree = "<group>"; };
		F00000000000000000000067 /* IPhoneTaskInspectorView.swift */ = {isa = PBXFileReference; lastKnownFileType = sourcecode.swift; path = Views/IPhone/IPhoneTaskInspectorView.swift; sourceTree = "<group>"; };
		F00000000000000000000068 /* IPhoneNoteEditorView.swift */ = {isa = PBXFileReference; lastKnownFileType = sourcecode.swift; path = Views/IPhone/IPhoneNoteEditorView.swift; sourceTree = "<group>"; };
		F00000000000000000000069 /* IPadShellView.swift */ = {isa = PBXFileReference; lastKnownFileType = sourcecode.swift; path = Views/IPad/IPadShellView.swift; sourceTree = "<group>"; };
		F0000000000000000000006A /* IPadSidebar.swift */ = {isa = PBXFileReference; lastKnownFileType = sourcecode.swift; path = Views/IPad/IPadSidebar.swift; sourceTree = "<group>"; };
		F0000000000000000000006B /* IPadTodayView.swift */ = {isa = PBXFileReference; lastKnownFileType = sourcecode.swift; path = Views/IPad/IPadTodayView.swift; sourceTree = "<group>"; };
		F0000000000000000000006C /* IPadTasksView.swift */ = {isa = PBXFileReference; lastKnownFileType = sourcecode.swift; path = Views/IPad/IPadTasksView.swift; sourceTree = "<group>"; };
		F0000000000000000000006D /* IPadNotesView.swift */ = {isa = PBXFileReference; lastKnownFileType = sourcecode.swift; path = Views/IPad/IPadNotesView.swift; sourceTree = "<group>"; };
		F0000000000000000000006E /* IPadMoreView.swift */ = {isa = PBXFileReference; lastKnownFileType = sourcecode.swift; path = Views/IPad/IPadMoreView.swift; sourceTree = "<group>"; };
/* End PBXFileReference section */

/* Begin PBXFrameworksBuildPhase section */
		A00000000000000000000002 /* Frameworks */ = {
			isa = PBXFrameworksBuildPhase;
			buildActionMask = 2147483647;
			files = (
			);
			runOnlyForDeploymentPostprocessing = 0;
		};
		A00000000000000000000005 /* Frameworks */ = {
			isa = PBXFrameworksBuildPhase;
			buildActionMask = 2147483647;
			files = (
			);
			runOnlyForDeploymentPostprocessing = 0;
		};
/* End PBXFrameworksBuildPhase section */

/* Begin PBXGroup section */
		A00000000000000000000010 = {
			isa = PBXGroup;
			children = (
				A00000000000000000000011 /* StudentHub */,
				A00000000000000000000013 /* StudentHubTests */,
				A00000000000000000000012 /* Products */,
			);
			sourceTree = "<group>";
		};
		A00000000000000000000011 /* StudentHub */ = {
			isa = PBXGroup;
			children = (
				F00000000000000000000001 /* StudentHubApp.swift */,
				F00000000000000000000002 /* HubModels.swift */,
				F00000000000000000000003 /* AppState.swift */,
				F00000000000000000000004 /* HubTheme.swift */,
				F00000000000000000000005 /* AppShellView.swift */,
				F00000000000000000000006 /* SidebarView.swift */,
				F00000000000000000000007 /* TimelineView.swift */,
				F00000000000000000000008 /* CommandHubView.swift */,
				F00000000000000000000009 /* QuickCommandView.swift */,
				F0000000000000000000000A /* MacQuickPanel.swift */,
				F0000000000000000000000C /* WorkspaceModels.swift */,
				F0000000000000000000000D /* WorkspaceStorage.swift */,
				F0000000000000000000000E /* FileDocumentSupport.swift */,
				F0000000000000000000000F /* WorkspaceContentView.swift */,
				F00000000000000000000010 /* TasksProjectsViews.swift */,
				F00000000000000000000011 /* NotesJournalViews.swift */,
				F00000000000000000000012 /* FilesMeetingsViews.swift */,
				F00000000000000000000013 /* UtilityViews.swift */,
				F00000000000000000000014 /* CloudSyncService.swift */,
				F00000000000000000000015 /* CompactWorkspaceViews.swift */,
				F00000000000000000000060 /* HubComponents.swift */,
				F00000000000000000000061 /* IPhoneShellView.swift */,
				F00000000000000000000062 /* IPhoneTodayView.swift */,
				F00000000000000000000063 /* IPhoneTasksView.swift */,
				F00000000000000000000064 /* IPhoneCalendarView.swift */,
				F00000000000000000000065 /* IPhoneNotesView.swift */,
				F00000000000000000000066 /* IPhoneMoreView.swift */,
				F00000000000000000000067 /* IPhoneTaskInspectorView.swift */,
				F00000000000000000000068 /* IPhoneNoteEditorView.swift */,
				F00000000000000000000069 /* IPadShellView.swift */,
				F0000000000000000000006A /* IPadSidebar.swift */,
				F0000000000000000000006B /* IPadTodayView.swift */,
				F0000000000000000000006C /* IPadTasksView.swift */,
				F0000000000000000000006D /* IPadNotesView.swift */,
				F0000000000000000000006E /* IPadMoreView.swift */,
			);
			path = StudentHub;
			sourceTree = "<group>";
		};
		A00000000000000000000012 /* Products */ = {
			isa = PBXGroup;
			children = (
				F0000000000000000000000B /* StudentHub.app */,
				F00000000000000000000017 /* StudentHubTests.xctest */,
			);
			name = Products;
			sourceTree = "<group>";
		};
		A00000000000000000000013 /* StudentHubTests */ = {
			isa = PBXGroup;
			children = (
				F00000000000000000000016 /* StudentHubTests.swift */,
			);
			path = StudentHubTests;
			sourceTree = "<group>";
		};
/* End PBXGroup section */

/* Begin PBXNativeTarget section */
		A00000000000000000000020 /* StudentHub */ = {
			isa = PBXNativeTarget;
			buildConfigurationList = A00000000000000000000031 /* Build configuration list for PBXNativeTarget "StudentHub" */;
			buildPhases = (
				A00000000000000000000001 /* Sources */,
				A00000000000000000000002 /* Frameworks */,
				A00000000000000000000003 /* Resources */,
			);
			buildRules = (
			);
			dependencies = (
			);
			name = StudentHub;
			packageProductDependencies = (
			);
			productName = StudentHub;
			productReference = F0000000000000000000000B /* StudentHub.app */;
			productType = "com.apple.product-type.application";
		};
		A00000000000000000000022 /* StudentHubTests */ = {
			isa = PBXNativeTarget;
			buildConfigurationList = A00000000000000000000032 /* Build configuration list for PBXNativeTarget "StudentHubTests" */;
			buildPhases = (
				A00000000000000000000004 /* Sources */,
				A00000000000000000000005 /* Frameworks */,
				A00000000000000000000006 /* Resources */,
			);
			buildRules = (
			);
			dependencies = (
				A00000000000000000000051 /* PBXTargetDependency */,
			);
			name = StudentHubTests;
			packageProductDependencies = (
			);
			productName = StudentHubTests;
			productReference = F00000000000000000000017 /* StudentHubTests.xctest */;
			productType = "com.apple.product-type.bundle.unit-test";
		};
/* End PBXNativeTarget section */

/* Begin PBXProject section */
		A00000000000000000000021 /* Project object */ = {
			isa = PBXProject;
			attributes = {
				BuildIndependentTargetsInParallel = 1;
				LastSwiftUpdateCheck = 2600;
				LastUpgradeCheck = 2600;
				TargetAttributes = {
					A00000000000000000000020 = {
						CreatedOnToolsVersion = 26.0;
					};
					A00000000000000000000022 = {
						CreatedOnToolsVersion = 26.0;
						TestTargetID = A00000000000000000000020;
					};
				};
			};
			buildConfigurationList = A00000000000000000000030 /* Build configuration list for PBXProject "StudentHub" */;
			compatibilityVersion = "Xcode 16.0";
			developmentRegion = en;
			hasScannedForEncodings = 0;
			knownRegions = (
				en,
				Base,
			);
			mainGroup = A00000000000000000000010;
			productRefGroup = A00000000000000000000012 /* Products */;
			projectDirPath = "";
			projectRoot = "";
			targets = (
				A00000000000000000000020 /* StudentHub */,
				A00000000000000000000022 /* StudentHubTests */,
			);
		};
/* End PBXProject section */

/* Begin PBXResourcesBuildPhase section */
		A00000000000000000000003 /* Resources */ = {
			isa = PBXResourcesBuildPhase;
			buildActionMask = 2147483647;
			files = (
			);
			runOnlyForDeploymentPostprocessing = 0;
		};
		A00000000000000000000006 /* Resources */ = {
			isa = PBXResourcesBuildPhase;
			buildActionMask = 2147483647;
			files = (
			);
			runOnlyForDeploymentPostprocessing = 0;
		};
/* End PBXResourcesBuildPhase section */

/* Begin PBXSourcesBuildPhase section */
		A00000000000000000000001 /* Sources */ = {
			isa = PBXSourcesBuildPhase;
			buildActionMask = 2147483647;
			files = (
				B00000000000000000000001 /* StudentHubApp.swift in Sources */,
				B00000000000000000000002 /* HubModels.swift in Sources */,
				B00000000000000000000003 /* AppState.swift in Sources */,
				B00000000000000000000004 /* HubTheme.swift in Sources */,
				B00000000000000000000005 /* AppShellView.swift in Sources */,
				B00000000000000000000006 /* SidebarView.swift in Sources */,
				B00000000000000000000007 /* TimelineView.swift in Sources */,
				B00000000000000000000008 /* CommandHubView.swift in Sources */,
				B00000000000000000000009 /* QuickCommandView.swift in Sources */,
				B0000000000000000000000A /* MacQuickPanel.swift in Sources */,
				B0000000000000000000000C /* WorkspaceModels.swift in Sources */,
				B0000000000000000000000D /* WorkspaceStorage.swift in Sources */,
				B0000000000000000000000E /* FileDocumentSupport.swift in Sources */,
				B0000000000000000000000F /* WorkspaceContentView.swift in Sources */,
				B00000000000000000000010 /* TasksProjectsViews.swift in Sources */,
				B00000000000000000000011 /* NotesJournalViews.swift in Sources */,
				B00000000000000000000012 /* FilesMeetingsViews.swift in Sources */,
				B00000000000000000000013 /* UtilityViews.swift in Sources */,
				B00000000000000000000014 /* CloudSyncService.swift in Sources */,
				B00000000000000000000015 /* CompactWorkspaceViews.swift in Sources */,
				B00000000000000000000060 /* HubComponents.swift in Sources */,
				B00000000000000000000061 /* IPhoneShellView.swift in Sources */,
				B00000000000000000000062 /* IPhoneTodayView.swift in Sources */,
				B00000000000000000000063 /* IPhoneTasksView.swift in Sources */,
				B00000000000000000000064 /* IPhoneCalendarView.swift in Sources */,
				B00000000000000000000065 /* IPhoneNotesView.swift in Sources */,
				B00000000000000000000066 /* IPhoneMoreView.swift in Sources */,
				B00000000000000000000067 /* IPhoneTaskInspectorView.swift in Sources */,
				B00000000000000000000068 /* IPhoneNoteEditorView.swift in Sources */,
				B00000000000000000000069 /* IPadShellView.swift in Sources */,
				B0000000000000000000006A /* IPadSidebar.swift in Sources */,
				B0000000000000000000006B /* IPadTodayView.swift in Sources */,
				B0000000000000000000006C /* IPadTasksView.swift in Sources */,
				B0000000000000000000006D /* IPadNotesView.swift in Sources */,
				B0000000000000000000006E /* IPadMoreView.swift in Sources */,
			);
			runOnlyForDeploymentPostprocessing = 0;
		};
		A00000000000000000000004 /* Sources */ = {
			isa = PBXSourcesBuildPhase;
			buildActionMask = 2147483647;
			files = (
				B00000000000000000000016 /* StudentHubTests.swift in Sources */,
			);
			runOnlyForDeploymentPostprocessing = 0;
		};
/* End PBXSourcesBuildPhase section */

/* Begin PBXTargetDependency section */
		A00000000000000000000051 /* PBXTargetDependency */ = {
			isa = PBXTargetDependency;
			target = A00000000000000000000020 /* StudentHub */;
			targetProxy = A00000000000000000000050 /* PBXContainerItemProxy */;
		};
/* End PBXTargetDependency section */

/* Begin XCBuildConfiguration section */
		A00000000000000000000040 /* Debug */ = {
			isa = XCBuildConfiguration;
			buildSettings = {
				ALWAYS_SEARCH_USER_PATHS = NO;
				CLANG_ANALYZER_NONNULL = YES;
				CLANG_ANALYZER_NUMBER_OBJECT_CONVERSION = YES_AGGRESSIVE;
				CLANG_CXX_LANGUAGE_STANDARD = "gnu++20";
				CLANG_ENABLE_MODULES = YES;
				CLANG_ENABLE_OBJC_ARC = YES;
				CLANG_WARN_DOCUMENTATION_COMMENTS = YES;
				COPY_PHASE_STRIP = NO;
				DEBUG_INFORMATION_FORMAT = dwarf;
				ENABLE_TESTABILITY = YES;
				GCC_C_LANGUAGE_STANDARD = gnu17;
				GCC_OPTIMIZATION_LEVEL = 0;
				ONLY_ACTIVE_ARCH = YES;
				SWIFT_ACTIVE_COMPILATION_CONDITIONS = DEBUG;
			};
			name = Debug;
		};
		A00000000000000000000041 /* Release */ = {
			isa = XCBuildConfiguration;
			buildSettings = {
				ALWAYS_SEARCH_USER_PATHS = NO;
				CLANG_ANALYZER_NONNULL = YES;
				CLANG_ANALYZER_NUMBER_OBJECT_CONVERSION = YES_AGGRESSIVE;
				CLANG_CXX_LANGUAGE_STANDARD = "gnu++20";
				CLANG_ENABLE_MODULES = YES;
				CLANG_ENABLE_OBJC_ARC = YES;
				CLANG_WARN_DOCUMENTATION_COMMENTS = YES;
				COPY_PHASE_STRIP = NO;
				DEBUG_INFORMATION_FORMAT = "dwarf-with-dsym";
				ENABLE_NS_ASSERTIONS = NO;
				GCC_C_LANGUAGE_STANDARD = gnu17;
				SWIFT_COMPILATION_MODE = wholemodule;
			};
			name = Release;
		};
		A00000000000000000000042 /* Debug */ = {
			isa = XCBuildConfiguration;
			buildSettings = {
				CODE_SIGN_STYLE = Automatic;
				CODE_SIGN_ENTITLEMENTS = "$(STUDENT_HUB_CLOUD_ENTITLEMENTS)";
				CURRENT_PROJECT_VERSION = 1;
				DEAD_CODE_STRIPPING = YES;
				ENABLE_HARDENED_RUNTIME = NO;
				ENABLE_PREVIEWS = YES;
				GENERATE_INFOPLIST_FILE = YES;
				INFOPLIST_KEY_CFBundleDisplayName = "Student Hub";
				INFOPLIST_KEY_LSApplicationCategoryType = "public.app-category.productivity";
				INFOPLIST_KEY_UIApplicationSceneManifest_Generation = YES;
				INFOPLIST_KEY_UIApplicationSupportsIndirectInputEvents = YES;
				INFOPLIST_KEY_UILaunchScreen_Generation = YES;
				IPHONEOS_DEPLOYMENT_TARGET = 17.0;
				LD_RUNPATH_SEARCH_PATHS = (
					"$(inherited)",
					"@executable_path/../Frameworks",
					"@executable_path/Frameworks",
				);
				MACOSX_DEPLOYMENT_TARGET = 14.0;
				MARKETING_VERSION = 0.1;
				PRODUCT_BUNDLE_IDENTIFIER = com.benjamin.StudentHub;
				PRODUCT_NAME = "$(TARGET_NAME)";
				SDKROOT = auto;
				SUPPORTED_PLATFORMS = "iphoneos iphonesimulator macosx";
				SUPPORTS_MACCATALYST = NO;
				SWIFT_EMIT_LOC_STRINGS = YES;
				SWIFT_ACTIVE_COMPILATION_CONDITIONS = "$(inherited) STUDENT_HUB_CLOUD_SYNC_$(STUDENT_HUB_CLOUD_SYNC_ENABLED)";
				SWIFT_VERSION = 5.0;
				STUDENT_HUB_CLOUD_SYNC_ENABLED = NO;
				TARGETED_DEVICE_FAMILY = "1,2";
			};
			name = Debug;
		};
		A00000000000000000000043 /* Release */ = {
			isa = XCBuildConfiguration;
			buildSettings = {
				CODE_SIGN_STYLE = Automatic;
				CODE_SIGN_ENTITLEMENTS = "$(STUDENT_HUB_CLOUD_ENTITLEMENTS)";
				CURRENT_PROJECT_VERSION = 1;
				DEAD_CODE_STRIPPING = YES;
				ENABLE_HARDENED_RUNTIME = YES;
				ENABLE_PREVIEWS = YES;
				GENERATE_INFOPLIST_FILE = YES;
				INFOPLIST_KEY_CFBundleDisplayName = "Student Hub";
				INFOPLIST_KEY_LSApplicationCategoryType = "public.app-category.productivity";
				INFOPLIST_KEY_UIApplicationSceneManifest_Generation = YES;
				INFOPLIST_KEY_UIApplicationSupportsIndirectInputEvents = YES;
				INFOPLIST_KEY_UILaunchScreen_Generation = YES;
				IPHONEOS_DEPLOYMENT_TARGET = 17.0;
				LD_RUNPATH_SEARCH_PATHS = (
					"$(inherited)",
					"@executable_path/../Frameworks",
					"@executable_path/Frameworks",
				);
				MACOSX_DEPLOYMENT_TARGET = 14.0;
				MARKETING_VERSION = 0.1;
				PRODUCT_BUNDLE_IDENTIFIER = com.benjamin.StudentHub;
				PRODUCT_NAME = "$(TARGET_NAME)";
				SDKROOT = auto;
				SUPPORTED_PLATFORMS = "iphoneos iphonesimulator macosx";
				SUPPORTS_MACCATALYST = NO;
				SWIFT_EMIT_LOC_STRINGS = YES;
				SWIFT_ACTIVE_COMPILATION_CONDITIONS = "$(inherited) STUDENT_HUB_CLOUD_SYNC_$(STUDENT_HUB_CLOUD_SYNC_ENABLED)";
				SWIFT_VERSION = 5.0;
				STUDENT_HUB_CLOUD_SYNC_ENABLED = NO;
				TARGETED_DEVICE_FAMILY = "1,2";
			};
			name = Release;
		};
		A00000000000000000000044 /* Debug */ = {
			isa = XCBuildConfiguration;
			buildSettings = {
				BUNDLE_LOADER = "$(TEST_HOST)";
				CODE_SIGN_IDENTITY = "-";
				CODE_SIGN_STYLE = Automatic;
				CURRENT_PROJECT_VERSION = 1;
				ENABLE_HARDENED_RUNTIME = NO;
				GENERATE_INFOPLIST_FILE = YES;
				IPHONEOS_DEPLOYMENT_TARGET = 17.0;
				MACOSX_DEPLOYMENT_TARGET = 14.0;
				PRODUCT_BUNDLE_IDENTIFIER = com.benjamin.StudentHubTests;
				PRODUCT_NAME = "$(TARGET_NAME)";
				SDKROOT = auto;
				SUPPORTED_PLATFORMS = "iphoneos iphonesimulator macosx";
				SWIFT_VERSION = 5.0;
				TARGETED_DEVICE_FAMILY = "1,2";
				TEST_HOST = "$(BUILT_PRODUCTS_DIR)/StudentHub.app/$(BUNDLE_EXECUTABLE_FOLDER_PATH)/StudentHub";
			};
			name = Debug;
		};
		A00000000000000000000045 /* Release */ = {
			isa = XCBuildConfiguration;
			buildSettings = {
				BUNDLE_LOADER = "$(TEST_HOST)";
				CODE_SIGN_IDENTITY = "-";
				CODE_SIGN_STYLE = Automatic;
				CURRENT_PROJECT_VERSION = 1;
				ENABLE_HARDENED_RUNTIME = YES;
				GENERATE_INFOPLIST_FILE = YES;
				IPHONEOS_DEPLOYMENT_TARGET = 17.0;
				MACOSX_DEPLOYMENT_TARGET = 14.0;
				PRODUCT_BUNDLE_IDENTIFIER = com.benjamin.StudentHubTests;
				PRODUCT_NAME = "$(TARGET_NAME)";
				SDKROOT = auto;
				SUPPORTED_PLATFORMS = "iphoneos iphonesimulator macosx";
				SWIFT_VERSION = 5.0;
				TARGETED_DEVICE_FAMILY = "1,2";
				TEST_HOST = "$(BUILT_PRODUCTS_DIR)/StudentHub.app/$(BUNDLE_EXECUTABLE_FOLDER_PATH)/StudentHub";
			};
			name = Release;
		};
/* End XCBuildConfiguration section */

/* Begin XCConfigurationList section */
		A00000000000000000000030 /* Build configuration list for PBXProject "StudentHub" */ = {
			isa = XCConfigurationList;
			buildConfigurations = (
				A00000000000000000000040 /* Debug */,
				A00000000000000000000041 /* Release */,
			);
			defaultConfigurationIsVisible = 0;
			defaultConfigurationName = Release;
		};
		A00000000000000000000031 /* Build configuration list for PBXNativeTarget "StudentHub" */ = {
			isa = XCConfigurationList;
			buildConfigurations = (
				A00000000000000000000042 /* Debug */,
				A00000000000000000000043 /* Release */,
			);
			defaultConfigurationIsVisible = 0;
			defaultConfigurationName = Release;
		};
		A00000000000000000000032 /* Build configuration list for PBXNativeTarget "StudentHubTests" */ = {
			isa = XCConfigurationList;
			buildConfigurations = (
				A00000000000000000000044 /* Debug */,
				A00000000000000000000045 /* Release */,
			);
			defaultConfigurationIsVisible = 0;
			defaultConfigurationName = Release;
		};
/* End XCConfigurationList section */
	};
	rootObject = A00000000000000000000021 /* Project object */;
}
